
Microsoft Visual Studio Solution File, Format Version 12.00
# Visual Studio 15
VisualStudioVersion = 15.0.26124.0
MinimumVisualStudioVersion = 15.0.26124.0
Project("{FAE04EC0-301F-11D3-BF4B-00C04F79EFBC}") = "turismoDotnet", "turismoDotnet\turismoDotnet.csproj", "{6D530DBB-D6DC-428A-882A-1A422750A39F}"
EndProject
Project("{FAE04EC0-301F-11D3-BF4B-00C04F79EFBC}") = "Datos", "Datos\Datos.csproj", "{2F2CB571-73D2-469A-95E3-4A46E04632A6}"
EndProject
Project("{FAE04EC0-301F-11D3-BF4B-00C04F79EFBC}") = "Entity", "Entity\Entity.csproj", "{6AFA2906-F066-4AA1-B1B1-44D0E696F04A}"
EndProject
Project("{FAE04EC0-301F-11D3-BF4B-00C04F79EFBC}") = "Logica", "Logica\Logica.csproj", "{C54C1458-ABE2-4EF9-863D-F178E8344B15}"
EndProject
Global
	GlobalSection(SolutionConfigurationPlatforms) = preSolution
		Debug|Any CPU = Debug|Any CPU
		Debug|x64 = Debug|x64
		Debug|x86 = Debug|x86
		Release|Any CPU = Release|Any CPU
		Release|x64 = Release|x64
		Release|x86 = Release|x86
	EndGlobalSection
	GlobalSection(SolutionProperties) = preSolution
		HideSolutionNode = FALSE
	EndGlobalSection
	GlobalSection(ProjectConfigurationPlatforms) = postSolution
		{6D530DBB-D6DC-428A-882A-1A422750A39F}.Debug|Any CPU.ActiveCfg = Debug|Any CPU
		{6D530DBB-D6DC-428A-882A-1A422750A39F}.Debug|Any CPU.Build.0 = Debug|Any CPU
		{6D530DBB-D6DC-428A-882A-1A422750A39F}.Debug|x64.ActiveCfg = Debug|Any CPU
		{6D530DBB-D6DC-428A-882A-1A422750A39F}.Debug|x64.Build.0 = Debug|Any CPU
		{6D530DBB-D6DC-428A-882A-1A422750A39F}.Debug|x86.ActiveCfg = Debug|Any CPU
		{6D530DBB-D6DC-428A-882A-1A422750A39F}.Debug|x86.Build.0 = Debug|Any CPU
		{6D530DBB-D6DC-428A-882A-1A422750A39F}.Release|Any CPU.ActiveCfg = Release|Any CPU
		{6D530DBB-D6DC-428A-882A-1A422750A39F}.Release|Any CPU.Build.0 = Release|Any CPU
		{6D530DBB-D6DC-428A-882A-1A422750A39F}.Release|x64.ActiveCfg = Release|Any CPU
		{6D530DBB-D6DC-428A-882A-1A422750A39F}.Release|x64.Build.0 = Release|Any CPU
		{6D530DBB-D6DC-428A-882A-1A422750A39F}.Release|x86.ActiveCfg = Release|Any CPU
		{6D530DBB-D6DC-428A-882A-1A422750A39F}.Release|x86.Build.0 = Release|Any CPU
		{2F2CB571-73D2-469A-95E3-4A46E04632A6}.Debug|Any CPU.ActiveCfg = Debug|Any CPU
		{2F2CB571-73D2-469A-95E3-4A46E04632A6}.Debug|Any CPU.Build.0 = Debug|Any CPU
		{2F2CB571-73D2-469A-95E3-4A46E04632A6}.Debug|x64.ActiveCfg = Debug|Any CPU
		{2F2CB571-73D2-469A-95E3-4A46E04632A6}.Debug|x64.Build.0 = Debug|Any CPU
		{2F2CB571-73D2-469A-95E3-4A46E04632A6}.Debug|x86.ActiveCfg = Debug|Any CPU
		{2F2CB571-73D2-469A-95E3-4A46E04632A6}.Debug|x86.Build.0 = Debug|Any CPU
		{2F2CB571-73D2-469A-95E3-4A46E04632A6}.Release|Any CPU.ActiveCfg = Release|Any CPU
		{2F2CB571-73D2-469A-95E3-4A46E04632A6}.Release|Any CPU.Build.0 = Release|Any CPU
		{2F2CB571-73D2-469A-95E3-4A46E04632A6}.Release|x64.ActiveCfg = Release|Any CPU
		{2F2CB571-73D2-469A-95E3-4A46E04632A6}.Release|x64.Build.0 = Release|Any CPU
		{2F2CB571-73D2-469A-95E3-4A46E04632A6}.Release|x86.ActiveCfg = Release|Any CPU
		{2F2CB571-73D2-469A-95E3-4A46E04632A6}.Release|x86.Build.0 = Release|Any CPU
		{6AFA2906-F066-4AA1-B1B1-44D0E696F04A}.Debug|Any CPU.ActiveCfg = Debug|Any CPU
		{6AFA2906-F066-4AA1-B1B1-44D0E696F04A}.Debug|Any CPU.Build.0 = Debug|Any CPU
		{6AFA2906-F066-4AA1-B1B1-44D0E696F04A}.Debug|x64.ActiveCfg = Debug|Any CPU
		{6AFA2906-F066-4AA1-B1B1-44D0E696F04A}.Debug|x64.Build.0 = Debug|Any CPU
		{6AFA2906-F066-4AA1-B1B1-44D0E696F04A}.Debug|x86.ActiveCfg = Debug|Any CPU
		{6AFA2906-F066-4AA1-B1B1-44D0E696F04A}.Debug|x86.Build.0 = Debug|Any CPU
		{6AFA2906-F066-4AA1-B1B1-44D0E696F04A}.Release|Any CPU.ActiveCfg = Release|Any CPU
		{6AFA2906-F066-4AA1-B1B1-44D0E696F04A}.Release|Any CPU.Build.0 = Release|Any CPU
		{6AFA2906-F066-4AA1-B1B1-44D0E696F04A}.Release|x64.ActiveCfg = Release|Any CPU
		{6AFA2906-F066-4AA1-B1B1-44D0E696F04A}.Release|x64.Build.0 = Release|Any CPU
		{6AFA2906-F066-4AA1-B1B1-44D0E696F04A}.Release|x86.ActiveCfg = Release|Any CPU
		{6AFA2906-F066-4AA1-B1B1-44D0E696F04A}.Release|x86.Build.0 = Release|Any CPU
		{C54C1458-ABE2-4EF9-863D-F178E8344B15}.Debug|Any CPU.ActiveCfg = Debug|Any CPU
		{C54C1458-ABE2-4EF9-863D-F178E8344B15}.Debug|Any CPU.Build.0 = Debug|Any CPU
		{C54C1458-ABE2-4EF9-863D-F178E8344B15}.Debug|x64.ActiveCfg = Debug|Any CPU
		{C54C1458-ABE2-4EF9-863D-F178E8344B15}.Debug|x64.Build.0 = Debug|Any CPU
		{C54C1458-ABE2-4EF9-863D-F178E8344B15}.Debug|x86.ActiveCfg = Debug|Any CPU
		{C54C1458-ABE2-4EF9-863D-F178E8344B15}.Debug|x86.Build.0 = Debug|Any CPU
		{C54C1458-ABE2-4EF9-863D-F178E8344B15}.Release|Any CPU.ActiveCfg = Release|Any CPU
		{C54C1458-ABE2-4EF9-863D-F178E8344B15}.Release|Any CPU.Build.0 = Release|Any CPU
		{C54C1458-ABE2-4EF9-863D-F178E8344B15}.Release|x64.ActiveCfg = Release|Any CPU
		{C54C1458-ABE2-4EF9-863D-F178E8344B15}.Release|x64.Build.0 = Release|Any CPU
		{C54C1458-ABE2-4EF9-863D-F178E8344B15}.Release|x86.ActiveCfg = Release|Any CPU
		{C54C1458-ABE2-4EF9-863D-F178E8344B15}.Release|x86.Build.0 = Release|Any CPU
	EndGlobalSection
EndGlobal
